
Microsoft Visual Studio Solution File, Format Version 12.00
# Visual Studio 14
VisualStudioVersion = 14.0.25420.1
MinimumVisualStudioVersion = 10.0.40219.1
Project("{FAE04EC0-301F-11D3-BF4B-00C04F79EFBC}") = "WoWTBGapp.Droid", "WoWTBGapp\WoWTBGapp.Droid\WoWTBGapp.Droid.csproj", "{D44429DE-12E7-4CA9-B3E2-A90E647087C5}"
EndProject
Project("{FAE04EC0-301F-11D3-BF4B-00C04F79EFBC}") = "WoWTBGapp.iOS", "WoWTBGapp\WoWTBGapp.iOS\WoWTBGapp.iOS.csproj", "{F72C7875-0666-4670-BD39-D565D822BBF2}"
EndProject
Project("{FAE04EC0-301F-11D3-BF4B-00C04F79EFBC}") = "WoWTBGapp.WinPhone", "WoWTBGapp\WoWTBGapp.WinPhone\WoWTBGapp.WinPhone.csproj", "{C036627B-B556-4B71-97AA-AF4C7E590B81}"
EndProject
Project("{FAE04EC0-301F-11D3-BF4B-00C04F79EFBC}") = "WoWTBGapp.UWP", "WoWTBGapp\WoWTBGapp.UWP\WoWTBGapp.UWP.csproj", "{87FF777E-0698-4E7B-95C0-5BCCEF2F23E4}"
EndProject
Project("{2150E333-8FDC-42A3-9474-1A3956D46DE8}") = "Targets", "Targets", "{E410934B-F607-45E9-820D-B56970A2DFA2}"
EndProject
Project("{2150E333-8FDC-42A3-9474-1A3956D46DE8}") = "Shared", "Shared", "{584B2B04-BDAF-43BA-B6E4-DA4427E545CD}"
EndProject
Project("{D954291E-2A0B-460D-934E-DC6B0785DB48}") = "WoWTBGapp.Shared", "WoWTBGapp.Shared\WoWTBGapp.Shared.shproj", "{D6D990FB-38C9-47B8-9BAC-E45CCAE249DB}"
EndProject
Project("{FAE04EC0-301F-11D3-BF4B-00C04F79EFBC}") = "WoWTBGapp.Clients.UI", "WoWTBGapp.Clients.UI\WoWTBGapp.Clients.UI\WoWTBGapp.Clients.UI.csproj", "{828E00D9-67CB-49AB-AD5E-DC2DC2663B74}"
EndProject
Project("{FAE04EC0-301F-11D3-BF4B-00C04F79EFBC}") = "WoWTBGapp.Utils", "WoWTBGapp.Utils\WoWTBGapp.Utils.csproj", "{67F9D3A8-F71E-4428-913F-C37AE82CDB24}"
EndProject
Project("{FAE04EC0-301F-11D3-BF4B-00C04F79EFBC}") = "WoWTBGapp.Clients.Portable", "WoWTBGapp.Clients.Portable\WoWTBGapp.Clients.Portable.csproj", "{5DD54E9A-02E4-4172-8460-4340FEC50878}"
EndProject
Global
	GlobalSection(SharedMSBuildProjectFiles) = preSolution
		WoWTBGapp.Shared\WoWTBGapp.Shared.projitems*{87ff777e-0698-4e7b-95c0-5bccef2f23e4}*SharedItemsImports = 4
		WoWTBGapp.Shared\WoWTBGapp.Shared.projitems*{c036627b-b556-4b71-97aa-af4c7e590b81}*SharedItemsImports = 4
		WoWTBGapp.Shared\WoWTBGapp.Shared.projitems*{d44429de-12e7-4ca9-b3e2-a90e647087c5}*SharedItemsImports = 4
		WoWTBGapp.Shared\WoWTBGapp.Shared.projitems*{d6d990fb-38c9-47b8-9bac-e45ccae249db}*SharedItemsImports = 13
		WoWTBGapp.Shared\WoWTBGapp.Shared.projitems*{f72c7875-0666-4670-bd39-d565d822bbf2}*SharedItemsImports = 4
	EndGlobalSection
	GlobalSection(SolutionConfigurationPlatforms) = preSolution
		Ad-Hoc|Any CPU = Ad-Hoc|Any CPU
		Ad-Hoc|ARM = Ad-Hoc|ARM
		Ad-Hoc|iPhone = Ad-Hoc|iPhone
		Ad-Hoc|iPhoneSimulator = Ad-Hoc|iPhoneSimulator
		Ad-Hoc|x64 = Ad-Hoc|x64
		Ad-Hoc|x86 = Ad-Hoc|x86
		AppStore|Any CPU = AppStore|Any CPU
		AppStore|ARM = AppStore|ARM
		AppStore|iPhone = AppStore|iPhone
		AppStore|iPhoneSimulator = AppStore|iPhoneSimulator
		AppStore|x64 = AppStore|x64
		AppStore|x86 = AppStore|x86
		Debug|Any CPU = Debug|Any CPU
		Debug|ARM = Debug|ARM
		Debug|iPhone = Debug|iPhone
		Debug|iPhoneSimulator = Debug|iPhoneSimulator
		Debug|x64 = Debug|x64
		Debug|x86 = Debug|x86
		Release|Any CPU = Release|Any CPU
		Release|ARM = Release|ARM
		Release|iPhone = Release|iPhone
		Release|iPhoneSimulator = Release|iPhoneSimulator
		Release|x64 = Release|x64
		Release|x86 = Release|x86
	EndGlobalSection
	GlobalSection(ProjectConfigurationPlatforms) = postSolution
		{D44429DE-12E7-4CA9-B3E2-A90E647087C5}.Ad-Hoc|Any CPU.ActiveCfg = Release|Any CPU
		{D44429DE-12E7-4CA9-B3E2-A90E647087C5}.Ad-Hoc|Any CPU.Build.0 = Release|Any CPU
		{D44429DE-12E7-4CA9-B3E2-A90E647087C5}.Ad-Hoc|Any CPU.Deploy.0 = Release|Any CPU
		{D44429DE-12E7-4CA9-B3E2-A90E647087C5}.Ad-Hoc|ARM.ActiveCfg = Release|Any CPU
		{D44429DE-12E7-4CA9-B3E2-A90E647087C5}.Ad-Hoc|ARM.Build.0 = Release|Any CPU
		{D44429DE-12E7-4CA9-B3E2-A90E647087C5}.Ad-Hoc|ARM.Deploy.0 = Release|Any CPU
		{D44429DE-12E7-4CA9-B3E2-A90E647087C5}.Ad-Hoc|iPhone.ActiveCfg = Release|Any CPU
		{D44429DE-12E7-4CA9-B3E2-A90E647087C5}.Ad-Hoc|iPhone.Build.0 = Release|Any CPU
		{D44429DE-12E7-4CA9-B3E2-A90E647087C5}.Ad-Hoc|iPhone.Deploy.0 = Release|Any CPU
		{D44429DE-12E7-4CA9-B3E2-A90E647087C5}.Ad-Hoc|iPhoneSimulator.ActiveCfg = Release|Any CPU
		{D44429DE-12E7-4CA9-B3E2-A90E647087C5}.Ad-Hoc|iPhoneSimulator.Build.0 = Release|Any CPU
		{D44429DE-12E7-4CA9-B3E2-A90E647087C5}.Ad-Hoc|iPhoneSimulator.Deploy.0 = Release|Any CPU
		{D44429DE-12E7-4CA9-B3E2-A90E647087C5}.Ad-Hoc|x64.ActiveCfg = Release|Any CPU
		{D44429DE-12E7-4CA9-B3E2-A90E647087C5}.Ad-Hoc|x64.Build.0 = Release|Any CPU
		{D44429DE-12E7-4CA9-B3E2-A90E647087C5}.Ad-Hoc|x64.Deploy.0 = Release|Any CPU
		{D44429DE-12E7-4CA9-B3E2-A90E647087C5}.Ad-Hoc|x86.ActiveCfg = Release|Any CPU
		{D44429DE-12E7-4CA9-B3E2-A90E647087C5}.Ad-Hoc|x86.Build.0 = Release|Any CPU
		{D44429DE-12E7-4CA9-B3E2-A90E647087C5}.Ad-Hoc|x86.Deploy.0 = Release|Any CPU
		{D44429DE-12E7-4CA9-B3E2-A90E647087C5}.AppStore|Any CPU.ActiveCfg = Release|Any CPU
		{D44429DE-12E7-4CA9-B3E2-A90E647087C5}.AppStore|Any CPU.Build.0 = Release|Any CPU
		{D44429DE-12E7-4CA9-B3E2-A90E647087C5}.AppStore|Any CPU.Deploy.0 = Release|Any CPU
		{D44429DE-12E7-4CA9-B3E2-A90E647087C5}.AppStore|ARM.ActiveCfg = Release|Any CPU
		{D44429DE-12E7-4CA9-B3E2-A90E647087C5}.AppStore|ARM.Build.0 = Release|Any CPU
		{D44429DE-12E7-4CA9-B3E2-A90E647087C5}.AppStore|ARM.Deploy.0 = Release|Any CPU
		{D44429DE-12E7-4CA9-B3E2-A90E647087C5}.AppStore|iPhone.ActiveCfg = Release|Any CPU
		{D44429DE-12E7-4CA9-B3E2-A90E647087C5}.AppStore|iPhone.Build.0 = Release|Any CPU
		{D44429DE-12E7-4CA9-B3E2-A90E647087C5}.AppStore|iPhone.Deploy.0 = Release|Any CPU
		{D44429DE-12E7-4CA9-B3E2-A90E647087C5}.AppStore|iPhoneSimulator.ActiveCfg = Release|Any CPU
		{D44429DE-12E7-4CA9-B3E2-A90E647087C5}.AppStore|iPhoneSimulator.Build.0 = Release|Any CPU
		{D44429DE-12E7-4CA9-B3E2-A90E647087C5}.AppStore|iPhoneSimulator.Deploy.0 = Release|Any CPU
		{D44429DE-12E7-4CA9-B3E2-A90E647087C5}.AppStore|x64.ActiveCfg = Release|Any CPU
		{D44429DE-12E7-4CA9-B3E2-A90E647087C5}.AppStore|x64.Build.0 = Release|Any CPU
		{D44429DE-12E7-4CA9-B3E2-A90E647087C5}.AppStore|x64.Deploy.0 = Release|Any CPU
		{D44429DE-12E7-4CA9-B3E2-A90E647087C5}.AppStore|x86.ActiveCfg = Release|Any CPU
		{D44429DE-12E7-4CA9-B3E2-A90E647087C5}.AppStore|x86.Build.0 = Release|Any CPU
		{D44429DE-12E7-4CA9-B3E2-A90E647087C5}.AppStore|x86.Deploy.0 = Release|Any CPU
		{D44429DE-12E7-4CA9-B3E2-A90E647087C5}.Debug|Any CPU.ActiveCfg = Debug|Any CPU
		{D44429DE-12E7-4CA9-B3E2-A90E647087C5}.Debug|Any CPU.Build.0 = Debug|Any CPU
		{D44429DE-12E7-4CA9-B3E2-A90E647087C5}.Debug|Any CPU.Deploy.0 = Debug|Any CPU
		{D44429DE-12E7-4CA9-B3E2-A90E647087C5}.Debug|ARM.ActiveCfg = Debug|Any CPU
		{D44429DE-12E7-4CA9-B3E2-A90E647087C5}.Debug|ARM.Build.0 = Debug|Any CPU
		{D44429DE-12E7-4CA9-B3E2-A90E647087C5}.Debug|ARM.Deploy.0 = Debug|Any CPU
		{D44429DE-12E7-4CA9-B3E2-A90E647087C5}.Debug|iPhone.ActiveCfg = Debug|Any CPU
		{D44429DE-12E7-4CA9-B3E2-A90E647087C5}.Debug|iPhone.Build.0 = Debug|Any CPU
		{D44429DE-12E7-4CA9-B3E2-A90E647087C5}.Debug|iPhone.Deploy.0 = Debug|Any CPU
		{D44429DE-12E7-4CA9-B3E2-A90E647087C5}.Debug|iPhoneSimulator.ActiveCfg = Debug|Any CPU
		{D44429DE-12E7-4CA9-B3E2-A90E647087C5}.Debug|iPhoneSimulator.Build.0 = Debug|Any CPU
		{D44429DE-12E7-4CA9-B3E2-A90E647087C5}.Debug|iPhoneSimulator.Deploy.0 = Debug|Any CPU
		{D44429DE-12E7-4CA9-B3E2-A90E647087C5}.Debug|x64.ActiveCfg = Debug|Any CPU
		{D44429DE-12E7-4CA9-B3E2-A90E647087C5}.Debug|x64.Build.0 = Debug|Any CPU
		{D44429DE-12E7-4CA9-B3E2-A90E647087C5}.Debug|x64.Deploy.0 = Debug|Any CPU
		{D44429DE-12E7-4CA9-B3E2-A90E647087C5}.Debug|x86.ActiveCfg = Debug|Any CPU
		{D44429DE-12E7-4CA9-B3E2-A90E647087C5}.Debug|x86.Build.0 = Debug|Any CPU
		{D44429DE-12E7-4CA9-B3E2-A90E647087C5}.Debug|x86.Deploy.0 = Debug|Any CPU
		{D44429DE-12E7-4CA9-B3E2-A90E647087C5}.Release|Any CPU.ActiveCfg = Release|Any CPU
		{D44429DE-12E7-4CA9-B3E2-A90E647087C5}.Release|Any CPU.Build.0 = Release|Any CPU
		{D44429DE-12E7-4CA9-B3E2-A90E647087C5}.Release|Any CPU.Deploy.0 = Release|Any CPU
		{D44429DE-12E7-4CA9-B3E2-A90E647087C5}.Release|ARM.ActiveCfg = Release|Any CPU
		{D44429DE-12E7-4CA9-B3E2-A90E647087C5}.Release|ARM.Build.0 = Release|Any CPU
		{D44429DE-12E7-4CA9-B3E2-A90E647087C5}.Release|ARM.Deploy.0 = Release|Any CPU
		{D44429DE-12E7-4CA9-B3E2-A90E647087C5}.Release|iPhone.ActiveCfg = Release|Any CPU
		{D44429DE-12E7-4CA9-B3E2-A90E647087C5}.Release|iPhone.Build.0 = Release|Any CPU
		{D44429DE-12E7-4CA9-B3E2-A90E647087C5}.Release|iPhone.Deploy.0 = Release|Any CPU
		{D44429DE-12E7-4CA9-B3E2-A90E647087C5}.Release|iPhoneSimulator.ActiveCfg = Release|Any CPU
		{D44429DE-12E7-4CA9-B3E2-A90E647087C5}.Release|iPhoneSimulator.Build.0 = Release|Any CPU
		{D44429DE-12E7-4CA9-B3E2-A90E647087C5}.Release|iPhoneSimulator.Deploy.0 = Release|Any CPU
		{D44429DE-12E7-4CA9-B3E2-A90E647087C5}.Release|x64.ActiveCfg = Release|Any CPU
		{D44429DE-12E7-4CA9-B3E2-A90E647087C5}.Release|x64.Build.0 = Release|Any CPU
		{D44429DE-12E7-4CA9-B3E2-A90E647087C5}.Release|x64.Deploy.0 = Release|Any CPU
		{D44429DE-12E7-4CA9-B3E2-A90E647087C5}.Release|x86.ActiveCfg = Release|Any CPU
		{D44429DE-12E7-4CA9-B3E2-A90E647087C5}.Release|x86.Build.0 = Release|Any CPU
		{D44429DE-12E7-4CA9-B3E2-A90E647087C5}.Release|x86.Deploy.0 = Release|Any CPU
		{F72C7875-0666-4670-BD39-D565D822BBF2}.Ad-Hoc|Any CPU.ActiveCfg = Ad-Hoc|iPhone
		{F72C7875-0666-4670-BD39-D565D822BBF2}.Ad-Hoc|ARM.ActiveCfg = Ad-Hoc|iPhone
		{F72C7875-0666-4670-BD39-D565D822BBF2}.Ad-Hoc|iPhone.ActiveCfg = Ad-Hoc|iPhone
		{F72C7875-0666-4670-BD39-D565D822BBF2}.Ad-Hoc|iPhone.Build.0 = Ad-Hoc|iPhone
		{F72C7875-0666-4670-BD39-D565D822BBF2}.Ad-Hoc|iPhoneSimulator.ActiveCfg = Ad-Hoc|iPhoneSimulator
		{F72C7875-0666-4670-BD39-D565D822BBF2}.Ad-Hoc|iPhoneSimulator.Build.0 = Ad-Hoc|iPhoneSimulator
		{F72C7875-0666-4670-BD39-D565D822BBF2}.Ad-Hoc|x64.ActiveCfg = Ad-Hoc|iPhone
		{F72C7875-0666-4670-BD39-D565D822BBF2}.Ad-Hoc|x86.ActiveCfg = Ad-Hoc|iPhone
		{F72C7875-0666-4670-BD39-D565D822BBF2}.AppStore|Any CPU.ActiveCfg = AppStore|iPhone
		{F72C7875-0666-4670-BD39-D565D822BBF2}.AppStore|ARM.ActiveCfg = AppStore|iPhone
		{F72C7875-0666-4670-BD39-D565D822BBF2}.AppStore|iPhone.ActiveCfg = AppStore|iPhone
		{F72C7875-0666-4670-BD39-D565D822BBF2}.AppStore|iPhone.Build.0 = AppStore|iPhone
		{F72C7875-0666-4670-BD39-D565D822BBF2}.AppStore|iPhoneSimulator.ActiveCfg = AppStore|iPhoneSimulator
		{F72C7875-0666-4670-BD39-D565D822BBF2}.AppStore|iPhoneSimulator.Build.0 = AppStore|iPhoneSimulator
		{F72C7875-0666-4670-BD39-D565D822BBF2}.AppStore|x64.ActiveCfg = AppStore|iPhone
		{F72C7875-0666-4670-BD39-D565D822BBF2}.AppStore|x86.ActiveCfg = AppStore|iPhone
		{F72C7875-0666-4670-BD39-D565D822BBF2}.Debug|Any CPU.ActiveCfg = Debug|iPhone
		{F72C7875-0666-4670-BD39-D565D822BBF2}.Debug|ARM.ActiveCfg = Debug|iPhone
		{F72C7875-0666-4670-BD39-D565D822BBF2}.Debug|iPhone.ActiveCfg = Debug|iPhone
		{F72C7875-0666-4670-BD39-D565D822BBF2}.Debug|iPhone.Build.0 = Debug|iPhone
		{F72C7875-0666-4670-BD39-D565D822BBF2}.Debug|iPhoneSimulator.ActiveCfg = Debug|iPhoneSimulator
		{F72C7875-0666-4670-BD39-D565D822BBF2}.Debug|iPhoneSimulator.Build.0 = Debug|iPhoneSimulator
		{F72C7875-0666-4670-BD39-D565D822BBF2}.Debug|x64.ActiveCfg = Debug|iPhone
		{F72C7875-0666-4670-BD39-D565D822BBF2}.Debug|x86.ActiveCfg = Debug|iPhone
		{F72C7875-0666-4670-BD39-D565D822BBF2}.Release|Any CPU.ActiveCfg = Release|iPhone
		{F72C7875-0666-4670-BD39-D565D822BBF2}.Release|ARM.ActiveCfg = Release|iPhone
		{F72C7875-0666-4670-BD39-D565D822BBF2}.Release|iPhone.ActiveCfg = Release|iPhone
		{F72C7875-0666-4670-BD39-D565D822BBF2}.Release|iPhone.Build.0 = Release|iPhone
		{F72C7875-0666-4670-BD39-D565D822BBF2}.Release|iPhoneSimulator.ActiveCfg = Release|iPhoneSimulator
		{F72C7875-0666-4670-BD39-D565D822BBF2}.Release|iPhoneSimulator.Build.0 = Release|iPhoneSimulator
		{F72C7875-0666-4670-BD39-D565D822BBF2}.Release|x64.ActiveCfg = Release|iPhone
		{F72C7875-0666-4670-BD39-D565D822BBF2}.Release|x86.ActiveCfg = Release|iPhone
		{C036627B-B556-4B71-97AA-AF4C7E590B81}.Ad-Hoc|Any CPU.ActiveCfg = Release|Any CPU
		{C036627B-B556-4B71-97AA-AF4C7E590B81}.Ad-Hoc|Any CPU.Build.0 = Release|Any CPU
		{C036627B-B556-4B71-97AA-AF4C7E590B81}.Ad-Hoc|Any CPU.Deploy.0 = Release|Any CPU
		{C036627B-B556-4B71-97AA-AF4C7E590B81}.Ad-Hoc|ARM.ActiveCfg = Release|ARM
		{C036627B-B556-4B71-97AA-AF4C7E590B81}.Ad-Hoc|ARM.Build.0 = Release|ARM
		{C036627B-B556-4B71-97AA-AF4C7E590B81}.Ad-Hoc|ARM.Deploy.0 = Release|ARM
		{C036627B-B556-4B71-97AA-AF4C7E590B81}.Ad-Hoc|iPhone.ActiveCfg = Release|Any CPU
		{C036627B-B556-4B71-97AA-AF4C7E590B81}.Ad-Hoc|iPhone.Build.0 = Release|Any CPU
		{C036627B-B556-4B71-97AA-AF4C7E590B81}.Ad-Hoc|iPhone.Deploy.0 = Release|Any CPU
		{C036627B-B556-4B71-97AA-AF4C7E590B81}.Ad-Hoc|iPhoneSimulator.ActiveCfg = Release|Any CPU
		{C036627B-B556-4B71-97AA-AF4C7E590B81}.Ad-Hoc|iPhoneSimulator.Build.0 = Release|Any CPU
		{C036627B-B556-4B71-97AA-AF4C7E590B81}.Ad-Hoc|iPhoneSimulator.Deploy.0 = Release|Any CPU
		{C036627B-B556-4B71-97AA-AF4C7E590B81}.Ad-Hoc|x64.ActiveCfg = Release|Any CPU
		{C036627B-B556-4B71-97AA-AF4C7E590B81}.Ad-Hoc|x64.Build.0 = Release|Any CPU
		{C036627B-B556-4B71-97AA-AF4C7E590B81}.Ad-Hoc|x64.Deploy.0 = Release|Any CPU
		{C036627B-B556-4B71-97AA-AF4C7E590B81}.Ad-Hoc|x86.ActiveCfg = Release|x86
		{C036627B-B556-4B71-97AA-AF4C7E590B81}.Ad-Hoc|x86.Build.0 = Release|x86
		{C036627B-B556-4B71-97AA-AF4C7E590B81}.Ad-Hoc|x86.Deploy.0 = Release|x86
		{C036627B-B556-4B71-97AA-AF4C7E590B81}.AppStore|Any CPU.ActiveCfg = Release|Any CPU
		{C036627B-B556-4B71-97AA-AF4C7E590B81}.AppStore|Any CPU.Build.0 = Release|Any CPU
		{C036627B-B556-4B71-97AA-AF4C7E590B81}.AppStore|Any CPU.Deploy.0 = Release|Any CPU
		{C036627B-B556-4B71-97AA-AF4C7E590B81}.AppStore|ARM.ActiveCfg = Release|ARM
		{C036627B-B556-4B71-97AA-AF4C7E590B81}.AppStore|ARM.Build.0 = Release|ARM
		{C036627B-B556-4B71-97AA-AF4C7E590B81}.AppStore|ARM.Deploy.0 = Release|ARM
		{C036627B-B556-4B71-97AA-AF4C7E590B81}.AppStore|iPhone.ActiveCfg = Release|Any CPU
		{C036627B-B556-4B71-97AA-AF4C7E590B81}.AppStore|iPhone.Build.0 = Release|Any CPU
		{C036627B-B556-4B71-97AA-AF4C7E590B81}.AppStore|iPhone.Deploy.0 = Release|Any CPU
		{C036627B-B556-4B71-97AA-AF4C7E590B81}.AppStore|iPhoneSimulator.ActiveCfg = Release|Any CPU
		{C036627B-B556-4B71-97AA-AF4C7E590B81}.AppStore|iPhoneSimulator.Build.0 = Release|Any CPU
		{C036627B-B556-4B71-97AA-AF4C7E590B81}.AppStore|iPhoneSimulator.Deploy.0 = Release|Any CPU
		{C036627B-B556-4B71-97AA-AF4C7E590B81}.AppStore|x64.ActiveCfg = Release|Any CPU
		{C036627B-B556-4B71-97AA-AF4C7E590B81}.AppStore|x64.Build.0 = Release|Any CPU
		{C036627B-B556-4B71-97AA-AF4C7E590B81}.AppStore|x64.Deploy.0 = Release|Any CPU
		{C036627B-B556-4B71-97AA-AF4C7E590B81}.AppStore|x86.ActiveCfg = Release|x86
		{C036627B-B556-4B71-97AA-AF4C7E590B81}.AppStore|x86.Build.0 = Release|x86
		{C036627B-B556-4B71-97AA-AF4C7E590B81}.AppStore|x86.Deploy.0 = Release|x86
		{C036627B-B556-4B71-97AA-AF4C7E590B81}.Debug|Any CPU.ActiveCfg = Debug|Any CPU
		{C036627B-B556-4B71-97AA-AF4C7E590B81}.Debug|ARM.ActiveCfg = Debug|ARM
		{C036627B-B556-4B71-97AA-AF4C7E590B81}.Debug|ARM.Build.0 = Debug|ARM
		{C036627B-B556-4B71-97AA-AF4C7E590B81}.Debug|ARM.Deploy.0 = Debug|ARM
		{C036627B-B556-4B71-97AA-AF4C7E590B81}.Debug|iPhone.ActiveCfg = Debug|Any CPU
		{C036627B-B556-4B71-97AA-AF4C7E590B81}.Debug|iPhone.Build.0 = Debug|Any CPU
		{C036627B-B556-4B71-97AA-AF4C7E590B81}.Debug|iPhone.Deploy.0 = Debug|Any CPU
		{C036627B-B556-4B71-97AA-AF4C7E590B81}.Debug|iPhoneSimulator.ActiveCfg = Debug|Any CPU
		{C036627B-B556-4B71-97AA-AF4C7E590B81}.Debug|iPhoneSimulator.Build.0 = Debug|Any CPU
		{C036627B-B556-4B71-97AA-AF4C7E590B81}.Debug|iPhoneSimulator.Deploy.0 = Debug|Any CPU
		{C036627B-B556-4B71-97AA-AF4C7E590B81}.Debug|x64.ActiveCfg = Debug|Any CPU
		{C036627B-B556-4B71-97AA-AF4C7E590B81}.Debug|x64.Build.0 = Debug|Any CPU
		{C036627B-B556-4B71-97AA-AF4C7E590B81}.Debug|x64.Deploy.0 = Debug|Any CPU
		{C036627B-B556-4B71-97AA-AF4C7E590B81}.Debug|x86.ActiveCfg = Debug|x86
		{C036627B-B556-4B71-97AA-AF4C7E590B81}.Debug|x86.Build.0 = Debug|x86
		{C036627B-B556-4B71-97AA-AF4C7E590B81}.Debug|x86.Deploy.0 = Debug|x86
		{C036627B-B556-4B71-97AA-AF4C7E590B81}.Release|Any CPU.ActiveCfg = Release|Any CPU
		{C036627B-B556-4B71-97AA-AF4C7E590B81}.Release|Any CPU.Build.0 = Release|Any CPU
		{C036627B-B556-4B71-97AA-AF4C7E590B81}.Release|Any CPU.Deploy.0 = Release|Any CPU
		{C036627B-B556-4B71-97AA-AF4C7E590B81}.Release|ARM.ActiveCfg = Release|ARM
		{C036627B-B556-4B71-97AA-AF4C7E590B81}.Release|ARM.Build.0 = Release|ARM
		{C036627B-B556-4B71-97AA-AF4C7E590B81}.Release|ARM.Deploy.0 = Release|ARM
		{C036627B-B556-4B71-97AA-AF4C7E590B81}.Release|iPhone.ActiveCfg = Release|Any CPU
		{C036627B-B556-4B71-97AA-AF4C7E590B81}.Release|iPhone.Build.0 = Release|Any CPU
		{C036627B-B556-4B71-97AA-AF4C7E590B81}.Release|iPhone.Deploy.0 = Release|Any CPU
		{C036627B-B556-4B71-97AA-AF4C7E590B81}.Release|iPhoneSimulator.ActiveCfg = Release|Any CPU
		{C036627B-B556-4B71-97AA-AF4C7E590B81}.Release|iPhoneSimulator.Build.0 = Release|Any CPU
		{C036627B-B556-4B71-97AA-AF4C7E590B81}.Release|iPhoneSimulator.Deploy.0 = Release|Any CPU
		{C036627B-B556-4B71-97AA-AF4C7E590B81}.Release|x64.ActiveCfg = Release|Any CPU
		{C036627B-B556-4B71-97AA-AF4C7E590B81}.Release|x64.Build.0 = Release|Any CPU
		{C036627B-B556-4B71-97AA-AF4C7E590B81}.Release|x64.Deploy.0 = Release|Any CPU
		{C036627B-B556-4B71-97AA-AF4C7E590B81}.Release|x86.ActiveCfg = Release|x86
		{C036627B-B556-4B71-97AA-AF4C7E590B81}.Release|x86.Build.0 = Release|x86
		{C036627B-B556-4B71-97AA-AF4C7E590B81}.Release|x86.Deploy.0 = Release|x86
		{87FF777E-0698-4E7B-95C0-5BCCEF2F23E4}.Ad-Hoc|Any CPU.ActiveCfg = Release|x86
		{87FF777E-0698-4E7B-95C0-5BCCEF2F23E4}.Ad-Hoc|Any CPU.Build.0 = Release|x86
		{87FF777E-0698-4E7B-95C0-5BCCEF2F23E4}.Ad-Hoc|Any CPU.Deploy.0 = Release|x86
		{87FF777E-0698-4E7B-95C0-5BCCEF2F23E4}.Ad-Hoc|ARM.ActiveCfg = Release|ARM
		{87FF777E-0698-4E7B-95C0-5BCCEF2F23E4}.Ad-Hoc|ARM.Build.0 = Release|ARM
		{87FF777E-0698-4E7B-95C0-5BCCEF2F23E4}.Ad-Hoc|ARM.Deploy.0 = Release|ARM
		{87FF777E-0698-4E7B-95C0-5BCCEF2F23E4}.Ad-Hoc|iPhone.ActiveCfg = Release|x86
		{87FF777E-0698-4E7B-95C0-5BCCEF2F23E4}.Ad-Hoc|iPhone.Build.0 = Release|x86
		{87FF777E-0698-4E7B-95C0-5BCCEF2F23E4}.Ad-Hoc|iPhone.Deploy.0 = Release|x86
		{87FF777E-0698-4E7B-95C0-5BCCEF2F23E4}.Ad-Hoc|iPhoneSimulator.ActiveCfg = Release|x86
		{87FF777E-0698-4E7B-95C0-5BCCEF2F23E4}.Ad-Hoc|iPhoneSimulator.Build.0 = Release|x86
		{87FF777E-0698-4E7B-95C0-5BCCEF2F23E4}.Ad-Hoc|iPhoneSimulator.Deploy.0 = Release|x86
		{87FF777E-0698-4E7B-95C0-5BCCEF2F23E4}.Ad-Hoc|x64.ActiveCfg = Release|x64
		{87FF777E-0698-4E7B-95C0-5BCCEF2F23E4}.Ad-Hoc|x64.Build.0 = Release|x64
		{87FF777E-0698-4E7B-95C0-5BCCEF2F23E4}.Ad-Hoc|x64.Deploy.0 = Release|x64
		{87FF777E-0698-4E7B-95C0-5BCCEF2F23E4}.Ad-Hoc|x86.ActiveCfg = Release|x86
		{87FF777E-0698-4E7B-95C0-5BCCEF2F23E4}.Ad-Hoc|x86.Build.0 = Release|x86
		{87FF777E-0698-4E7B-95C0-5BCCEF2F23E4}.Ad-Hoc|x86.Deploy.0 = Release|x86
		{87FF777E-0698-4E7B-95C0-5BCCEF2F23E4}.AppStore|Any CPU.ActiveCfg = Release|x86
		{87FF777E-0698-4E7B-95C0-5BCCEF2F23E4}.AppStore|Any CPU.Build.0 = Release|x86
		{87FF777E-0698-4E7B-95C0-5BCCEF2F23E4}.AppStore|Any CPU.Deploy.0 = Release|x86
		{87FF777E-0698-4E7B-95C0-5BCCEF2F23E4}.AppStore|ARM.ActiveCfg = Release|ARM
		{87FF777E-0698-4E7B-95C0-5BCCEF2F23E4}.AppStore|ARM.Build.0 = Release|ARM
		{87FF777E-0698-4E7B-95C0-5BCCEF2F23E4}.AppStore|ARM.Deploy.0 = Release|ARM
		{87FF777E-0698-4E7B-95C0-5BCCEF2F23E4}.AppStore|iPhone.ActiveCfg = Release|x86
		{87FF777E-0698-4E7B-95C0-5BCCEF2F23E4}.AppStore|iPhone.Build.0 = Release|x86
		{87FF777E-0698-4E7B-95C0-5BCCEF2F23E4}.AppStore|iPhone.Deploy.0 = Release|x86
		{87FF777E-0698-4E7B-95C0-5BCCEF2F23E4}.AppStore|iPhoneSimulator.ActiveCfg = Release|x86
		{87FF777E-0698-4E7B-95C0-5BCCEF2F23E4}.AppStore|iPhoneSimulator.Build.0 = Release|x86
		{87FF777E-0698-4E7B-95C0-5BCCEF2F23E4}.AppStore|iPhoneSimulator.Deploy.0 = Release|x86
		{87FF777E-0698-4E7B-95C0-5BCCEF2F23E4}.AppStore|x64.ActiveCfg = Release|x64
		{87FF777E-0698-4E7B-95C0-5BCCEF2F23E4}.AppStore|x64.Build.0 = Release|x64
		{87FF777E-0698-4E7B-95C0-5BCCEF2F23E4}.AppStore|x64.Deploy.0 = Release|x64
		{87FF777E-0698-4E7B-95C0-5BCCEF2F23E4}.AppStore|x86.ActiveCfg = Release|x86
		{87FF777E-0698-4E7B-95C0-5BCCEF2F23E4}.AppStore|x86.Build.0 = Release|x86
		{87FF777E-0698-4E7B-95C0-5BCCEF2F23E4}.AppStore|x86.Deploy.0 = Release|x86
		{87FF777E-0698-4E7B-95C0-5BCCEF2F23E4}.Debug|Any CPU.ActiveCfg = Debug|x86
		{87FF777E-0698-4E7B-95C0-5BCCEF2F23E4}.Debug|ARM.ActiveCfg = Debug|ARM
		{87FF777E-0698-4E7B-95C0-5BCCEF2F23E4}.Debug|ARM.Build.0 = Debug|ARM
		{87FF777E-0698-4E7B-95C0-5BCCEF2F23E4}.Debug|ARM.Deploy.0 = Debug|ARM
		{87FF777E-0698-4E7B-95C0-5BCCEF2F23E4}.Debug|iPhone.ActiveCfg = Debug|x86
		{87FF777E-0698-4E7B-95C0-5BCCEF2F23E4}.Debug|iPhoneSimulator.ActiveCfg = Debug|x86
		{87FF777E-0698-4E7B-95C0-5BCCEF2F23E4}.Debug|x64.ActiveCfg = Debug|x64
		{87FF777E-0698-4E7B-95C0-5BCCEF2F23E4}.Debug|x64.Build.0 = Debug|x64
		{87FF777E-0698-4E7B-95C0-5BCCEF2F23E4}.Debug|x64.Deploy.0 = Debug|x64
		{87FF777E-0698-4E7B-95C0-5BCCEF2F23E4}.Debug|x86.ActiveCfg = Debug|x86
		{87FF777E-0698-4E7B-95C0-5BCCEF2F23E4}.Debug|x86.Build.0 = Debug|x86
		{87FF777E-0698-4E7B-95C0-5BCCEF2F23E4}.Debug|x86.Deploy.0 = Debug|x86
		{87FF777E-0698-4E7B-95C0-5BCCEF2F23E4}.Release|Any CPU.ActiveCfg = Release|x86
		{87FF777E-0698-4E7B-95C0-5BCCEF2F23E4}.Release|ARM.ActiveCfg = Release|ARM
		{87FF777E-0698-4E7B-95C0-5BCCEF2F23E4}.Release|ARM.Build.0 = Release|ARM
		{87FF777E-0698-4E7B-95C0-5BCCEF2F23E4}.Release|ARM.Deploy.0 = Release|ARM
		{87FF777E-0698-4E7B-95C0-5BCCEF2F23E4}.Release|iPhone.ActiveCfg = Release|x86
		{87FF777E-0698-4E7B-95C0-5BCCEF2F23E4}.Release|iPhoneSimulator.ActiveCfg = Release|x86
		{87FF777E-0698-4E7B-95C0-5BCCEF2F23E4}.Release|x64.ActiveCfg = Release|x64
		{87FF777E-0698-4E7B-95C0-5BCCEF2F23E4}.Release|x64.Build.0 = Release|x64
		{87FF777E-0698-4E7B-95C0-5BCCEF2F23E4}.Release|x64.Deploy.0 = Release|x64
		{87FF777E-0698-4E7B-95C0-5BCCEF2F23E4}.Release|x86.ActiveCfg = Release|x86
		{87FF777E-0698-4E7B-95C0-5BCCEF2F23E4}.Release|x86.Build.0 = Release|x86
		{87FF777E-0698-4E7B-95C0-5BCCEF2F23E4}.Release|x86.Deploy.0 = Release|x86
		{828E00D9-67CB-49AB-AD5E-DC2DC2663B74}.Ad-Hoc|Any CPU.ActiveCfg = Release|Any CPU
		{828E00D9-67CB-49AB-AD5E-DC2DC2663B74}.Ad-Hoc|Any CPU.Build.0 = Release|Any CPU
		{828E00D9-67CB-49AB-AD5E-DC2DC2663B74}.Ad-Hoc|ARM.ActiveCfg = Release|Any CPU
		{828E00D9-67CB-49AB-AD5E-DC2DC2663B74}.Ad-Hoc|ARM.Build.0 = Release|Any CPU
		{828E00D9-67CB-49AB-AD5E-DC2DC2663B74}.Ad-Hoc|iPhone.ActiveCfg = Release|Any CPU
		{828E00D9-67CB-49AB-AD5E-DC2DC2663B74}.Ad-Hoc|iPhone.Build.0 = Release|Any CPU
		{828E00D9-67CB-49AB-AD5E-DC2DC2663B74}.Ad-Hoc|iPhoneSimulator.ActiveCfg = Release|Any CPU
		{828E00D9-67CB-49AB-AD5E-DC2DC2663B74}.Ad-Hoc|iPhoneSimulator.Build.0 = Release|Any CPU
		{828E00D9-67CB-49AB-AD5E-DC2DC2663B74}.Ad-Hoc|x64.ActiveCfg = Release|Any CPU
		{828E00D9-67CB-49AB-AD5E-DC2DC2663B74}.Ad-Hoc|x64.Build.0 = Release|Any CPU
		{828E00D9-67CB-49AB-AD5E-DC2DC2663B74}.Ad-Hoc|x86.ActiveCfg = Release|Any CPU
		{828E00D9-67CB-49AB-AD5E-DC2DC2663B74}.Ad-Hoc|x86.Build.0 = Release|Any CPU
		{828E00D9-67CB-49AB-AD5E-DC2DC2663B74}.AppStore|Any CPU.ActiveCfg = Release|Any CPU
		{828E00D9-67CB-49AB-AD5E-DC2DC2663B74}.AppStore|Any CPU.Build.0 = Release|Any CPU
		{828E00D9-67CB-49AB-AD5E-DC2DC2663B74}.AppStore|ARM.ActiveCfg = Release|Any CPU
		{828E00D9-67CB-49AB-AD5E-DC2DC2663B74}.AppStore|ARM.Build.0 = Release|Any CPU
		{828E00D9-67CB-49AB-AD5E-DC2DC2663B74}.AppStore|iPhone.ActiveCfg = Release|Any CPU
		{828E00D9-67CB-49AB-AD5E-DC2DC2663B74}.AppStore|iPhone.Build.0 = Release|Any CPU
		{828E00D9-67CB-49AB-AD5E-DC2DC2663B74}.AppStore|iPhoneSimulator.ActiveCfg = Release|Any CPU
		{828E00D9-67CB-49AB-AD5E-DC2DC2663B74}.AppStore|iPhoneSimulator.Build.0 = Release|Any CPU
		{828E00D9-67CB-49AB-AD5E-DC2DC2663B74}.AppStore|x64.ActiveCfg = Release|Any CPU
		{828E00D9-67CB-49AB-AD5E-DC2DC2663B74}.AppStore|x64.Build.0 = Release|Any CPU
		{828E00D9-67CB-49AB-AD5E-DC2DC2663B74}.AppStore|x86.ActiveCfg = Release|Any CPU
		{828E00D9-67CB-49AB-AD5E-DC2DC2663B74}.AppStore|x86.Build.0 = Release|Any CPU
		{828E00D9-67CB-49AB-AD5E-DC2DC2663B74}.Debug|Any CPU.ActiveCfg = Debug|Any CPU
		{828E00D9-67CB-49AB-AD5E-DC2DC2663B74}.Debug|Any CPU.Build.0 = Debug|Any CPU
		{828E00D9-67CB-49AB-AD5E-DC2DC2663B74}.Debug|ARM.ActiveCfg = Debug|Any CPU
		{828E00D9-67CB-49AB-AD5E-DC2DC2663B74}.Debug|ARM.Build.0 = Debug|Any CPU
		{828E00D9-67CB-49AB-AD5E-DC2DC2663B74}.Debug|iPhone.ActiveCfg = Debug|Any CPU
		{828E00D9-67CB-49AB-AD5E-DC2DC2663B74}.Debug|iPhone.Build.0 = Debug|Any CPU
		{828E00D9-67CB-49AB-AD5E-DC2DC2663B74}.Debug|iPhoneSimulator.ActiveCfg = Debug|Any CPU
		{828E00D9-67CB-49AB-AD5E-DC2DC2663B74}.Debug|iPhoneSimulator.Build.0 = Debug|Any CPU
		{828E00D9-67CB-49AB-AD5E-DC2DC2663B74}.Debug|x64.ActiveCfg = Debug|Any CPU
		{828E00D9-67CB-49AB-AD5E-DC2DC2663B74}.Debug|x64.Build.0 = Debug|Any CPU
		{828E00D9-67CB-49AB-AD5E-DC2DC2663B74}.Debug|x86.ActiveCfg = Debug|Any CPU
		{828E00D9-67CB-49AB-AD5E-DC2DC2663B74}.Debug|x86.Build.0 = Debug|Any CPU
		{828E00D9-67CB-49AB-AD5E-DC2DC2663B74}.Release|Any CPU.ActiveCfg = Release|Any CPU
		{828E00D9-67CB-49AB-AD5E-DC2DC2663B74}.Release|Any CPU.Build.0 = Release|Any CPU
		{828E00D9-67CB-49AB-AD5E-DC2DC2663B74}.Release|ARM.ActiveCfg = Release|Any CPU
		{828E00D9-67CB-49AB-AD5E-DC2DC2663B74}.Release|ARM.Build.0 = Release|Any CPU
		{828E00D9-67CB-49AB-AD5E-DC2DC2663B74}.Release|iPhone.ActiveCfg = Release|Any CPU
		{828E00D9-67CB-49AB-AD5E-DC2DC2663B74}.Release|iPhone.Build.0 = Release|Any CPU
		{828E00D9-67CB-49AB-AD5E-DC2DC2663B74}.Release|iPhoneSimulator.ActiveCfg = Release|Any CPU
		{828E00D9-67CB-49AB-AD5E-DC2DC2663B74}.Release|iPhoneSimulator.Build.0 = Release|Any CPU
		{828E00D9-67CB-49AB-AD5E-DC2DC2663B74}.Release|x64.ActiveCfg = Release|Any CPU
		{828E00D9-67CB-49AB-AD5E-DC2DC2663B74}.Release|x64.Build.0 = Release|Any CPU
		{828E00D9-67CB-49AB-AD5E-DC2DC2663B74}.Release|x86.ActiveCfg = Release|Any CPU
		{828E00D9-67CB-49AB-AD5E-DC2DC2663B74}.Release|x86.Build.0 = Release|Any CPU
		{67F9D3A8-F71E-4428-913F-C37AE82CDB24}.Ad-Hoc|Any CPU.ActiveCfg = Release|Any CPU
		{67F9D3A8-F71E-4428-913F-C37AE82CDB24}.Ad-Hoc|Any CPU.Build.0 = Release|Any CPU
		{67F9D3A8-F71E-4428-913F-C37AE82CDB24}.Ad-Hoc|ARM.ActiveCfg = Release|Any CPU
		{67F9D3A8-F71E-4428-913F-C37AE82CDB24}.Ad-Hoc|ARM.Build.0 = Release|Any CPU
		{67F9D3A8-F71E-4428-913F-C37AE82CDB24}.Ad-Hoc|iPhone.ActiveCfg = Release|Any CPU
		{67F9D3A8-F71E-4428-913F-C37AE82CDB24}.Ad-Hoc|iPhone.Build.0 = Release|Any CPU
		{67F9D3A8-F71E-4428-913F-C37AE82CDB24}.Ad-Hoc|iPhoneSimulator.ActiveCfg = Release|Any CPU
		{67F9D3A8-F71E-4428-913F-C37AE82CDB24}.Ad-Hoc|iPhoneSimulator.Build.0 = Release|Any CPU
		{67F9D3A8-F71E-4428-913F-C37AE82CDB24}.Ad-Hoc|x64.ActiveCfg = Release|Any CPU
		{67F9D3A8-F71E-4428-913F-C37AE82CDB24}.Ad-Hoc|x64.Build.0 = Release|Any CPU
		{67F9D3A8-F71E-4428-913F-C37AE82CDB24}.Ad-Hoc|x86.ActiveCfg = Release|Any CPU
		{67F9D3A8-F71E-4428-913F-C37AE82CDB24}.Ad-Hoc|x86.Build.0 = Release|Any CPU
		{67F9D3A8-F71E-4428-913F-C37AE82CDB24}.AppStore|Any CPU.ActiveCfg = Release|Any CPU
		{67F9D3A8-F71E-4428-913F-C37AE82CDB24}.AppStore|Any CPU.Build.0 = Release|Any CPU
		{67F9D3A8-F71E-4428-913F-C37AE82CDB24}.AppStore|ARM.ActiveCfg = Release|Any CPU
		{67F9D3A8-F71E-4428-913F-C37AE82CDB24}.AppStore|ARM.Build.0 = Release|Any CPU
		{67F9D3A8-F71E-4428-913F-C37AE82CDB24}.AppStore|iPhone.ActiveCfg = Release|Any CPU
		{67F9D3A8-F71E-4428-913F-C37AE82CDB24}.AppStore|iPhone.Build.0 = Release|Any CPU
		{67F9D3A8-F71E-4428-913F-C37AE82CDB24}.AppStore|iPhoneSimulator.ActiveCfg = Release|Any CPU
		{67F9D3A8-F71E-4428-913F-C37AE82CDB24}.AppStore|iPhoneSimulator.Build.0 = Release|Any CPU
		{67F9D3A8-F71E-4428-913F-C37AE82CDB24}.AppStore|x64.ActiveCfg = Release|Any CPU
		{67F9D3A8-F71E-4428-913F-C37AE82CDB24}.AppStore|x64.Build.0 = Release|Any CPU
		{67F9D3A8-F71E-4428-913F-C37AE82CDB24}.AppStore|x86.ActiveCfg = Release|Any CPU
		{67F9D3A8-F71E-4428-913F-C37AE82CDB24}.AppStore|x86.Build.0 = Release|Any CPU
		{67F9D3A8-F71E-4428-913F-C37AE82CDB24}.Debug|Any CPU.ActiveCfg = Debug|Any CPU
		{67F9D3A8-F71E-4428-913F-C37AE82CDB24}.Debug|Any CPU.Build.0 = Debug|Any CPU
		{67F9D3A8-F71E-4428-913F-C37AE82CDB24}.Debug|ARM.ActiveCfg = Debug|Any CPU
		{67F9D3A8-F71E-4428-913F-C37AE82CDB24}.Debug|ARM.Build.0 = Debug|Any CPU
		{67F9D3A8-F71E-4428-913F-C37AE82CDB24}.Debug|iPhone.ActiveCfg = Debug|Any CPU
		{67F9D3A8-F71E-4428-913F-C37AE82CDB24}.Debug|iPhone.Build.0 = Debug|Any CPU
		{67F9D3A8-F71E-4428-913F-C37AE82CDB24}.Debug|iPhoneSimulator.ActiveCfg = Debug|Any CPU
		{67F9D3A8-F71E-4428-913F-C37AE82CDB24}.Debug|iPhoneSimulator.Build.0 = Debug|Any CPU
		{67F9D3A8-F71E-4428-913F-C37AE82CDB24}.Debug|x64.ActiveCfg = Debug|Any CPU
		{67F9D3A8-F71E-4428-913F-C37AE82CDB24}.Debug|x64.Build.0 = Debug|Any CPU
		{67F9D3A8-F71E-4428-913F-C37AE82CDB24}.Debug|x86.ActiveCfg = Debug|Any CPU
		{67F9D3A8-F71E-4428-913F-C37AE82CDB24}.Debug|x86.Build.0 = Debug|Any CPU
		{67F9D3A8-F71E-4428-913F-C37AE82CDB24}.Release|Any CPU.ActiveCfg = Release|Any CPU
		{67F9D3A8-F71E-4428-913F-C37AE82CDB24}.Release|Any CPU.Build.0 = Release|Any CPU
		{67F9D3A8-F71E-4428-913F-C37AE82CDB24}.Release|ARM.ActiveCfg = Release|Any CPU
		{67F9D3A8-F71E-4428-913F-C37AE82CDB24}.Release|ARM.Build.0 = Release|Any CPU
		{67F9D3A8-F71E-4428-913F-C37AE82CDB24}.Release|iPhone.ActiveCfg = Release|Any CPU
		{67F9D3A8-F71E-4428-913F-C37AE82CDB24}.Release|iPhone.Build.0 = Release|Any CPU
		{67F9D3A8-F71E-4428-913F-C37AE82CDB24}.Release|iPhoneSimulator.ActiveCfg = Release|Any CPU
		{67F9D3A8-F71E-4428-913F-C37AE82CDB24}.Release|iPhoneSimulator.Build.0 = Release|Any CPU
		{67F9D3A8-F71E-4428-913F-C37AE82CDB24}.Release|x64.ActiveCfg = Release|Any CPU
		{67F9D3A8-F71E-4428-913F-C37AE82CDB24}.Release|x64.Build.0 = Release|Any CPU
		{67F9D3A8-F71E-4428-913F-C37AE82CDB24}.Release|x86.ActiveCfg = Release|Any CPU
		{67F9D3A8-F71E-4428-913F-C37AE82CDB24}.Release|x86.Build.0 = Release|Any CPU
		{5DD54E9A-02E4-4172-8460-4340FEC50878}.Ad-Hoc|Any CPU.ActiveCfg = Release|Any CPU
		{5DD54E9A-02E4-4172-8460-4340FEC50878}.Ad-Hoc|Any CPU.Build.0 = Release|Any CPU
		{5DD54E9A-02E4-4172-8460-4340FEC50878}.Ad-Hoc|ARM.ActiveCfg = Release|Any CPU
		{5DD54E9A-02E4-4172-8460-4340FEC50878}.Ad-Hoc|ARM.Build.0 = Release|Any CPU
		{5DD54E9A-02E4-4172-8460-4340FEC50878}.Ad-Hoc|iPhone.ActiveCfg = Release|Any CPU
		{5DD54E9A-02E4-4172-8460-4340FEC50878}.Ad-Hoc|iPhone.Build.0 = Release|Any CPU
		{5DD54E9A-02E4-4172-8460-4340FEC50878}.Ad-Hoc|iPhoneSimulator.ActiveCfg = Release|Any CPU
		{5DD54E9A-02E4-4172-8460-4340FEC50878}.Ad-Hoc|iPhoneSimulator.Build.0 = Release|Any CPU
		{5DD54E9A-02E4-4172-8460-4340FEC50878}.Ad-Hoc|x64.ActiveCfg = Release|Any CPU
		{5DD54E9A-02E4-4172-8460-4340FEC50878}.Ad-Hoc|x64.Build.0 = Release|Any CPU
		{5DD54E9A-02E4-4172-8460-4340FEC50878}.Ad-Hoc|x86.ActiveCfg = Release|Any CPU
		{5DD54E9A-02E4-4172-8460-4340FEC50878}.Ad-Hoc|x86.Build.0 = Release|Any CPU
		{5DD54E9A-02E4-4172-8460-4340FEC50878}.AppStore|Any CPU.ActiveCfg = Release|Any CPU
		{5DD54E9A-02E4-4172-8460-4340FEC50878}.AppStore|Any CPU.Build.0 = Release|Any CPU
		{5DD54E9A-02E4-4172-8460-4340FEC50878}.AppStore|ARM.ActiveCfg = Release|Any CPU
		{5DD54E9A-02E4-4172-8460-4340FEC50878}.AppStore|ARM.Build.0 = Release|Any CPU
		{5DD54E9A-02E4-4172-8460-4340FEC50878}.AppStore|iPhone.ActiveCfg = Release|Any CPU
		{5DD54E9A-02E4-4172-8460-4340FEC50878}.AppStore|iPhone.Build.0 = Release|Any CPU
		{5DD54E9A-02E4-4172-8460-4340FEC50878}.AppStore|iPhoneSimulator.ActiveCfg = Release|Any CPU
		{5DD54E9A-02E4-4172-8460-4340FEC50878}.AppStore|iPhoneSimulator.Build.0 = Release|Any CPU
		{5DD54E9A-02E4-4172-8460-4340FEC50878}.AppStore|x64.ActiveCfg = Release|Any CPU
		{5DD54E9A-02E4-4172-8460-4340FEC50878}.AppStore|x64.Build.0 = Release|Any CPU
		{5DD54E9A-02E4-4172-8460-4340FEC50878}.AppStore|x86.ActiveCfg = Release|Any CPU
		{5DD54E9A-02E4-4172-8460-4340FEC50878}.AppStore|x86.Build.0 = Release|Any CPU
		{5DD54E9A-02E4-4172-8460-4340FEC50878}.Debug|Any CPU.ActiveCfg = Debug|Any CPU
		{5DD54E9A-02E4-4172-8460-4340FEC50878}.Debug|Any CPU.Build.0 = Debug|Any CPU
		{5DD54E9A-02E4-4172-8460-4340FEC50878}.Debug|ARM.ActiveCfg = Debug|Any CPU
		{5DD54E9A-02E4-4172-8460-4340FEC50878}.Debug|ARM.Build.0 = Debug|Any CPU
		{5DD54E9A-02E4-4172-8460-4340FEC50878}.Debug|iPhone.ActiveCfg = Debug|Any CPU
		{5DD54E9A-02E4-4172-8460-4340FEC50878}.Debug|iPhone.Build.0 = Debug|Any CPU
		{5DD54E9A-02E4-4172-8460-4340FEC50878}.Debug|iPhoneSimulator.ActiveCfg = Debug|Any CPU
		{5DD54E9A-02E4-4172-8460-4340FEC50878}.Debug|iPhoneSimulator.Build.0 = Debug|Any CPU
		{5DD54E9A-02E4-4172-8460-4340FEC50878}.Debug|x64.ActiveCfg = Debug|Any CPU
		{5DD54E9A-02E4-4172-8460-4340FEC50878}.Debug|x64.Build.0 = Debug|Any CPU
		{5DD54E9A-02E4-4172-8460-4340FEC50878}.Debug|x86.ActiveCfg = Debug|Any CPU
		{5DD54E9A-02E4-4172-8460-4340FEC50878}.Debug|x86.Build.0 = Debug|Any CPU
		{5DD54E9A-02E4-4172-8460-4340FEC50878}.Release|Any CPU.ActiveCfg = Release|Any CPU
		{5DD54E9A-02E4-4172-8460-4340FEC50878}.Release|Any CPU.Build.0 = Release|Any CPU
		{5DD54E9A-02E4-4172-8460-4340FEC50878}.Release|ARM.ActiveCfg = Release|Any CPU
		{5DD54E9A-02E4-4172-8460-4340FEC50878}.Release|ARM.Build.0 = Release|Any CPU
		{5DD54E9A-02E4-4172-8460-4340FEC50878}.Release|iPhone.ActiveCfg = Release|Any CPU
		{5DD54E9A-02E4-4172-8460-4340FEC50878}.Release|iPhone.Build.0 = Release|Any CPU
		{5DD54E9A-02E4-4172-8460-4340FEC50878}.Release|iPhoneSimulator.ActiveCfg = Release|Any CPU
		{5DD54E9A-02E4-4172-8460-4340FEC50878}.Release|iPhoneSimulator.Build.0 = Release|Any CPU
		{5DD54E9A-02E4-4172-8460-4340FEC50878}.Release|x64.ActiveCfg = Release|Any CPU
		{5DD54E9A-02E4-4172-8460-4340FEC50878}.Release|x64.Build.0 = Release|Any CPU
		{5DD54E9A-02E4-4172-8460-4340FEC50878}.Release|x86.ActiveCfg = Release|Any CPU
		{5DD54E9A-02E4-4172-8460-4340FEC50878}.Release|x86.Build.0 = Release|Any CPU
	EndGlobalSection
	GlobalSection(SolutionProperties) = preSolution
		HideSolutionNode = FALSE
	EndGlobalSection
	GlobalSection(NestedProjects) = preSolution
		{D44429DE-12E7-4CA9-B3E2-A90E647087C5} = {E410934B-F607-45E9-820D-B56970A2DFA2}
		{F72C7875-0666-4670-BD39-D565D822BBF2} = {E410934B-F607-45E9-820D-B56970A2DFA2}
		{C036627B-B556-4B71-97AA-AF4C7E590B81} = {E410934B-F607-45E9-820D-B56970A2DFA2}
		{87FF777E-0698-4E7B-95C0-5BCCEF2F23E4} = {E410934B-F607-45E9-820D-B56970A2DFA2}
		{D6D990FB-38C9-47B8-9BAC-E45CCAE249DB} = {584B2B04-BDAF-43BA-B6E4-DA4427E545CD}
		{828E00D9-67CB-49AB-AD5E-DC2DC2663B74} = {584B2B04-BDAF-43BA-B6E4-DA4427E545CD}
		{67F9D3A8-F71E-4428-913F-C37AE82CDB24} = {584B2B04-BDAF-43BA-B6E4-DA4427E545CD}
		{5DD54E9A-02E4-4172-8460-4340FEC50878} = {584B2B04-BDAF-43BA-B6E4-DA4427E545CD}
	EndGlobalSection
EndGlobal
